
Microsoft Visual Studio Solution File, Format Version 12.00
# Visual Studio Version 17
VisualStudioVersion = 17.13.35931.197
MinimumVisualStudioVersion = 10.0.40219.1
Project("{FAE04EC0-301F-11D3-BF4B-00C04F79EFBC}") = "AnthonyPWatts.Currency", "AnthonyPWatts.Currency\AnthonyPWatts.Currency.csproj", "{FBAF6C9F-F328-407F-B881-11550723E1B9}"
EndProject
Project("{FAE04EC0-301F-11D3-BF4B-00C04F79EFBC}") = "TestRig", "TestRig\TestRig.csproj", "{198C303F-4A28-40F4-9140-DD34F05A8EA0}"
EndProject
Project("{FAE04EC0-301F-11D3-BF4B-00C04F79EFBC}") = "CurrencyTests", "CurrencyTests\CurrencyTests.csproj", "{FCAC6B33-6ECC-41A3-9D73-D863D6987564}"
EndProject
Global
	GlobalSection(SolutionConfigurationPlatforms) = preSolution
		Debug|Any CPU = Debug|Any CPU
		Release|Any CPU = Release|Any CPU
	EndGlobalSection
	GlobalSection(ProjectConfigurationPlatforms) = postSolution
		{FBAF6C9F-F328-407F-B881-11550723E1B9}.Debug|Any CPU.ActiveCfg = Debug|Any CPU
		{FBAF6C9F-F328-407F-B881-11550723E1B9}.Debug|Any CPU.Build.0 = Debug|Any CPU
		{FBAF6C9F-F328-407F-B881-11550723E1B9}.Release|Any CPU.ActiveCfg = Release|Any CPU
		{FBAF6C9F-F328-407F-B881-11550723E1B9}.Release|Any CPU.Build.0 = Release|Any CPU
		{198C303F-4A28-40F4-9140-DD34F05A8EA0}.Debug|Any CPU.ActiveCfg = Debug|Any CPU
		{198C303F-4A28-40F4-9140-DD34F05A8EA0}.Debug|Any CPU.Build.0 = Debug|Any CPU
		{198C303F-4A28-40F4-9140-DD34F05A8EA0}.Release|Any CPU.ActiveCfg = Release|Any CPU
		{198C303F-4A28-40F4-9140-DD34F05A8EA0}.Release|Any CPU.Build.0 = Release|Any CPU
		{FCAC6B33-6ECC-41A3-9D73-D863D6987564}.Debug|Any CPU.ActiveCfg = Debug|Any CPU
		{FCAC6B33-6ECC-41A3-9D73-D863D6987564}.Debug|Any CPU.Build.0 = Debug|Any CPU
		{FCAC6B33-6ECC-41A3-9D73-D863D6987564}.Release|Any CPU.ActiveCfg = Release|Any CPU
		{FCAC6B33-6ECC-41A3-9D73-D863D6987564}.Release|Any CPU.Build.0 = Release|Any CPU
	EndGlobalSection
	GlobalSection(SolutionProperties) = preSolution
		HideSolutionNode = FALSE
	EndGlobalSection
	GlobalSection(ExtensibilityGlobals) = postSolution
		SolutionGuid = {9C520123-FDF1-44AF-AE04-64DBAB655A2E}
	EndGlobalSection
EndGlobal
